
Microsoft Visual Studio Solution File, Format Version 12.00
# Visual Studio Version 17
VisualStudioVersion = 17.9.34728.123
MinimumVisualStudioVersion = 10.0.40219.1
Project("{FAE04EC0-301F-11D3-BF4B-00C04F79EFBC}") = "DUEL Ticketing System", "DUEL Ticketing System\DUEL Ticketing System.csproj", "{A58C1B9A-9819-4268-ACA3-FA65FC7DFC5A}"
EndProject
Global
	GlobalSection(SolutionConfigurationPlatforms) = preSolution
		Debug|Any CPU = Debug|Any CPU
		Release|Any CPU = Release|Any CPU
	EndGlobalSection
	GlobalSection(ProjectConfigurationPlatforms) = postSolution
		{A58C1B9A-9819-4268-ACA3-FA65FC7DFC5A}.Debug|Any CPU.ActiveCfg = Debug|Any CPU
		{A58C1B9A-9819-4268-ACA3-FA65FC7DFC5A}.Debug|Any CPU.Build.0 = Debug|Any CPU
		{A58C1B9A-9819-4268-ACA3-FA65FC7DFC5A}.Release|Any CPU.ActiveCfg = Release|Any CPU
		{A58C1B9A-9819-4268-ACA3-FA65FC7DFC5A}.Release|Any CPU.Build.0 = Release|Any CPU
	EndGlobalSection
	GlobalSection(SolutionProperties) = preSolution
		HideSolutionNode = FALSE
	EndGlobalSection
	GlobalSection(ExtensibilityGlobals) = postSolution
		SolutionGuid = {F47984EF-1D97-4028-A4A9-50F263F15850}
	EndGlobalSection
EndGlobal
